// !$*UTF8*$!
{
	archiveVersion = 1;
	classes = {
	};
	objectVersion = 77;
	objects = {

/* Begin PBXContainerItemProxy section */
		570378172D7B654400FE26EB /* PBXContainerItemProxy */ = {
			isa = PBXContainerItemProxy;
			containerPortal = 570377FE2D7B654100FE26EB /* Project object */;
			proxyType = 1;
			remoteGlobalIDString = 570378052D7B654100FE26EB;
			remoteInfo = CricketScoreCard;
		};
		570378212D7B654400FE26EB /* PBXContainerItemProxy */ = {
			isa = PBXContainerItemProxy;
			containerPortal = 570377FE2D7B654100FE26EB /* Project object */;
			proxyType = 1;
			remoteGlobalIDString = 570378052D7B654100FE26EB;
			remoteInfo = CricketScoreCard;
		};
/* End PBXContainerItemProxy section */

/* Begin PBXFileReference section */
		570378062D7B654100FE26EB /* CricketScoreCard.app */ = {isa = PBXFileReference; explicitFileType = wrapper.application; includeInIndex = 0; path = CricketScoreCard.app; sourceTree = BUILT_PRODUCTS_DIR; };
		570378162D7B654400FE26EB /* CricketScoreCardTests.xctest */ = {isa = PBXFileReference; explicitFileType = wrapper.cfbundle; includeInIndex = 0; path = CricketScoreCardTests.xctest; sourceTree = BUILT_PRODUCTS_DIR; };
		570378202D7B654400FE26EB /* CricketScoreCardUITests.xctest */ = {isa = PBXFileReference; explicitFileType = wrapper.cfbundle; includeInIndex = 0; path = CricketScoreCardUITests.xctest; sourceTree = BUILT_PRODUCTS_DIR; };
/* End PBXFileReference section */

/* Begin PBXFileSystemSynchronizedRootGroup section */
		570378082D7B654100FE26EB /* CricketScoreCard */ = {
			isa = PBXFileSystemSynchronizedRootGroup;
			path = CricketScoreCard;
			sourceTree = "<group>";
		};
		570378192D7B654400FE26EB /* CricketScoreCardTests */ = {
			isa = PBXFileSystemSynchronizedRootGroup;
			path = CricketScoreCardTests;
			sourceTree = "<group>";
		};
		570378232D7B654400FE26EB /* CricketScoreCardUITests */ = {
			isa = PBXFileSystemSynchronizedRootGroup;
			path = CricketScoreCardUITests;
			sourceTree = "<group>";
		};
		6FF4E0B12D7B8CA000E5A401 /* Models */ = {
			isa = PBXFileSystemSynchronizedRootGroup;
			path = Models;
			sourceTree = "<group>";
		};
/* End PBXFileSystemSynchronizedRootGroup section */

/* Begin PBXFrameworksBuildPhase section */
		570378032D7B654100FE26EB /* Frameworks */ = {
			isa = PBXFrameworksBuildPhase;
			buildActionMask = 2147483647;
			files = (
			);
			runOnlyForDeploymentPostprocessing = 0;
		};
		570378132D7B654400FE26EB /* Frameworks */ = {
			isa = PBXFrameworksBuildPhase;
			buildActionMask = 2147483647;
			files = (
			);
			runOnlyForDeploymentPostprocessing = 0;
		};
		5703781D2D7B654400FE26EB /* Frameworks */ = {
			isa = PBXFrameworksBuildPhase;
			buildActionMask = 2147483647;
			files = (
			);
			runOnlyForDeploymentPostprocessing = 0;
		};
/* End PBXFrameworksBuildPhase section */

/* Begin PBXGroup section */
		570377FD2D7B654100FE26EB = {
			isa = PBXGroup;
			children = (
				6FF4E0B12D7B8CA000E5A401 /* Models */,
				570378082D7B654100FE26EB /* CricketScoreCard */,
				570378192D7B654400FE26EB /* CricketScoreCardTests */,
				570378232D7B654400FE26EB /* CricketScoreCardUITests */,
				570378072D7B654100FE26EB /* Products */,
			);
			sourceTree = "<group>";
		};
		570378072D7B654100FE26EB /* Products */ = {
			isa = PBXGroup;
			children = (
				570378062D7B654100FE26EB /* CricketScoreCard.app */,
				570378162D7B654400FE26EB /* CricketScoreCardTests.xctest */,
				570378202D7B654400FE26EB /* CricketScoreCardUITests.xctest */,
			);
			name = Products;
			sourceTree = "<group>";
		};
/* End PBXGroup section */

/* Begin PBXNativeTarget section */
		570378052D7B654100FE26EB /* CricketScoreCard */ = {
			isa = PBXNativeTarget;
			buildConfigurationList = 5703782A2D7B654400FE26EB /* Build configuration list for PBXNativeTarget "CricketScoreCard" */;
			buildPhases = (
				570378022D7B654100FE26EB /* Sources */,
				570378032D7B654100FE26EB /* Frameworks */,
				570378042D7B654100FE26EB /* Resources */,
			);
			buildRules = (
			);
			dependencies = (
			);
			fileSystemSynchronizedGroups = (
				570378082D7B654100FE26EB /* CricketScoreCard */,
				6FF4E0B12D7B8CA000E5A401 /* Models */,
			);
			name = CricketScoreCard;
			packageProductDependencies = (
			);
			productName = CricketScoreCard;
			productReference = 570378062D7B654100FE26EB /* CricketScoreCard.app */;
			productType = "com.apple.product-type.application";
		};
		570378152D7B654400FE26EB /* CricketScoreCardTests */ = {
			isa = PBXNativeTarget;
			buildConfigurationList = 5703782D2D7B654400FE26EB /* Build configuration list for PBXNativeTarget "CricketScoreCardTests" */;
			buildPhases = (
				570378122D7B654400FE26EB /* Sources */,
				570378132D7B654400FE26EB /* Frameworks */,
				570378142D7B654400FE26EB /* Resources */,
			);
			buildRules = (
			);
			dependencies = (
				570378182D7B654400FE26EB /* PBXTargetDependency */,
			);
			fileSystemSynchronizedGroups = (
				570378192D7B654400FE26EB /* CricketScoreCardTests */,
			);
			name = CricketScoreCardTests;
			packageProductDependencies = (
			);
			productName = CricketScoreCardTests;
			productReference = 570378162D7B654400FE26EB /* CricketScoreCardTests.xctest */;
			productType = "com.apple.product-type.bundle.unit-test";
		};
		5703781F2D7B654400FE26EB /* CricketScoreCardUITests */ = {
			isa = PBXNativeTarget;
			buildConfigurationList = 570378302D7B654400FE26EB /* Build configuration list for PBXNativeTarget "CricketScoreCardUITests" */;
			buildPhases = (
				5703781C2D7B654400FE26EB /* Sources */,
				5703781D2D7B654400FE26EB /* Frameworks */,
				5703781E2D7B654400FE26EB /* Resources */,
			);
			buildRules = (
			);
			dependencies = (
				570378222D7B654400FE26EB /* PBXTargetDependency */,
			);
			fileSystemSynchronizedGroups = (
				570378232D7B654400FE26EB /* CricketScoreCardUITests */,
			);
			name = CricketScoreCardUITests;
			packageProductDependencies = (
			);
			productName = CricketScoreCardUITests;
			productReference = 570378202D7B654400FE26EB /* CricketScoreCardUITests.xctest */;
			productType = "com.apple.product-type.bundle.ui-testing";
		};
/* End PBXNativeTarget section */

/* Begin PBXProject section */
		570377FE2D7B654100FE26EB /* Project object */ = {
			isa = PBXProject;
			attributes = {
				BuildIndependentTargetsInParallel = 1;
				LastSwiftUpdateCheck = 1620;
				LastUpgradeCheck = 1620;
				TargetAttributes = {
					570378052D7B654100FE26EB = {
						CreatedOnToolsVersion = 16.2;
					};
					570378152D7B654400FE26EB = {
						CreatedOnToolsVersion = 16.2;
						TestTargetID = 570378052D7B654100FE26EB;
					};
					5703781F2D7B654400FE26EB = {
						CreatedOnToolsVersion = 16.2;
						TestTargetID = 570378052D7B654100FE26EB;
					};
				};
			};
			buildConfigurationList = 570378012D7B654100FE26EB /* Build configuration list for PBXProject "CricketScoreCard" */;
			developmentRegion = en;
			hasScannedForEncodings = 0;
			knownRegions = (
				en,
				Base,
			);
			mainGroup = 570377FD2D7B654100FE26EB;
			minimizedProjectReferenceProxies = 1;
			preferredProjectObjectVersion = 77;
			productRefGroup = 570378072D7B654100FE26EB /* Products */;
			projectDirPath = "";
			projectRoot = "";
			targets = (
				570378052D7B654100FE26EB /* CricketScoreCard */,
				570378152D7B654400FE26EB /* CricketScoreCardTests */,
				5703781F2D7B654400FE26EB /* CricketScoreCardUITests */,
			);
		};
/* End PBXProject section */

/* Begin PBXResourcesBuildPhase section */
		570378042D7B654100FE26EB /* Resources */ = {
			isa = PBXResourcesBuildPhase;
			buildActionMask = 2147483647;
			files = (
			);
			runOnlyForDeploymentPostprocessing = 0;
		};
		570378142D7B654400FE26EB /* Resources */ = {
			isa = PBXResourcesBuildPhase;
			buildActionMask = 2147483647;
			files = (
			);
			runOnlyForDeploymentPostprocessing = 0;
		};
		5703781E2D7B654400FE26EB /* Resources */ = {
			isa = PBXResourcesBuildPhase;
			buildActionMask = 2147483647;
			files = (
			);
			runOnlyForDeploymentPostprocessing = 0;
		};
/* End PBXResourcesBuildPhase section */

/* Begin PBXSourcesBuildPhase section */
		570378022D7B654100FE26EB /* Sources */ = {
			isa = PBXSourcesBuildPhase;
			buildActionMask = 2147483647;
			files = (
			);
			runOnlyForDeploymentPostprocessing = 0;
		};
		570378122D7B654400FE26EB /* Sources */ = {
			isa = PBXSourcesBuildPhase;
			buildActionMask = 2147483647;
			files = (
			);
			runOnlyForDeploymentPostprocessing = 0;
		};
		5703781C2D7B654400FE26EB /* Sources */ = {
			isa = PBXSourcesBuildPhase;
			buildActionMask = 2147483647;
			files = (
			);
			runOnlyForDeploymentPostprocessing = 0;
		};
/* End PBXSourcesBuildPhase section */

/* Begin PBXTargetDependency section */
		570378182D7B654400FE26EB /* PBXTargetDependency */ = {
			isa = PBXTargetDependency;
			target = 570378052D7B654100FE26EB /* CricketScoreCard */;
			targetProxy = 570378172D7B654400FE26EB /* PBXContainerItemProxy */;
		};
		570378222D7B654400FE26EB /* PBXTargetDependency */ = {
			isa = PBXTargetDependency;
			target = 570378052D7B654100FE26EB /* CricketScoreCard */;
			targetProxy = 570378212D7B654400FE26EB /* PBXContainerItemProxy */;
		};
/* End PBXTargetDependency section */

/* Begin XCBuildConfiguration section */
		570378282D7B654400FE26EB /* Debug */ = {
			isa = XCBuildConfiguration;
			buildSettings = {
				ALWAYS_SEARCH_USER_PATHS = NO;
				ASSETCATALOG_COMPILER_GENERATE_SWIFT_ASSET_SYMBOL_EXTENSIONS = YES;
				CLANG_ANALYZER_NONNULL = YES;
				CLANG_ANALYZER_NUMBER_OBJECT_CONVERSION = YES_AGGRESSIVE;
				CLANG_CXX_LANGUAGE_STANDARD = "gnu++20";
				CLANG_ENABLE_MODULES = YES;
				CLANG_ENABLE_OBJC_ARC = YES;
				CLANG_ENABLE_OBJC_WEAK = YES;
				CLANG_WARN_BLOCK_CAPTURE_AUTORELEASING = YES;
				CLANG_WARN_BOOL_CONVERSION = YES;
				CLANG_WARN_COMMA = YES;
				CLANG_WARN_CONSTANT_CONVERSION = YES;
				CLANG_WARN_DEPRECATED_OBJC_IMPLEMENTATIONS = YES;
				CLANG_WARN_DIRECT_OBJC_ISA_USAGE = YES_ERROR;
				CLANG_WARN_DOCUMENTATION_COMMENTS = YES;
				CLANG_WARN_EMPTY_BODY = YES;
				CLANG_WARN_ENUM_CONVERSION = YES;
				CLANG_WARN_INFINITE_RECURSION = YES;
				CLANG_WARN_INT_CONVERSION = YES;
				CLANG_WARN_NON_LITERAL_NULL_CONVERSION = YES;
				CLANG_WARN_OBJC_IMPLICIT_RETAIN_SELF = YES;
				CLANG_WARN_OBJC_LITERAL_CONVERSION = YES;
				CLANG_WARN_OBJC_ROOT_CLASS = YES_ERROR;
				CLANG_WARN_QUOTED_INCLUDE_IN_FRAMEWORK_HEADER = YES;
				CLANG_WARN_RANGE_LOOP_ANALYSIS = YES;
				CLANG_WARN_STRICT_PROTOTYPES = YES;
				CLANG_WARN_SUSPICIOUS_MOVE = YES;
				CLANG_WARN_UNGUARDED_AVAILABILITY = YES_AGGRESSIVE;
				CLANG_WARN_UNREACHABLE_CODE = YES;
				CLANG_WARN__DUPLICATE_METHOD_MATCH = YES;
				COPY_PHASE_STRIP = NO;
				DEBUG_INFORMATION_FORMAT = dwarf;
				ENABLE_STRICT_OBJC_MSGSEND = YES;
				ENABLE_TESTABILITY = YES;
				ENABLE_USER_SCRIPT_SANDBOXING = YES;
				GCC_C_LANGUAGE_STANDARD = gnu17;
				GCC_DYNAMIC_NO_PIC = NO;
				GCC_NO_COMMON_BLOCKS = YES;
				GCC_OPTIMIZATION_LEVEL = 0;
				GCC_PREPROCESSOR_DEFINITIONS = (
					"DEBUG=1",
					"$(inherited)",
				);
				GCC_WARN_64_TO_32_BIT_CONVERSION = YES;
				GCC_WARN_ABOUT_RETURN_TYPE = YES_ERROR;
				GCC_WARN_UNDECLARED_SELECTOR = YES;
				GCC_WARN_UNINITIALIZED_AUTOS = YES_AGGRESSIVE;
				GCC_WARN_UNUSED_FUNCTION = YES;
				GCC_WARN_UNUSED_VARIABLE = YES;
				IPHONEOS_DEPLOYMENT_TARGET = 18.2;
				LOCALIZATION_PREFERS_STRING_CATALOGS = YES;
				MTL_ENABLE_DEBUG_INFO = INCLUDE_SOURCE;
				MTL_FAST_MATH = YES;
				ONLY_ACTIVE_ARCH = YES;
				SDKROOT = iphoneos;
				SWIFT_ACTIVE_COMPILATION_CONDITIONS = "DEBUG $(inherited)";
				SWIFT_OPTIMIZATION_LEVEL = "-Onone";
			};
			name = Debug;
		};
		570378292D7B654400FE26EB /* Release */ = {
			isa = XCBuildConfiguration;
			buildSettings = {
				ALWAYS_SEARCH_USER_PATHS = NO;
				ASSETCATALOG_COMPILER_GENERATE_SWIFT_ASSET_SYMBOL_EXTENSIONS = YES;
				CLANG_ANALYZER_NONNULL = YES;
				CLANG_ANALYZER_NUMBER_OBJECT_CONVERSION = YES_AGGRESSIVE;
				CLANG_CXX_LANGUAGE_STANDARD = "gnu++20";
				CLANG_ENABLE_MODULES = YES;
				CLANG_ENABLE_OBJC_ARC = YES;
				CLANG_ENABLE_OBJC_WEAK = YES;
				CLANG_WARN_BLOCK_CAPTURE_AUTORELEASING = YES;
				CLANG_WARN_BOOL_CONVERSION = YES;
				CLANG_WARN_COMMA = YES;
				CLANG_WARN_CONSTANT_CONVERSION = YES;
				CLANG_WARN_DEPRECATED_OBJC_IMPLEMENTATIONS = YES;
				CLANG_WARN_DIRECT_OBJC_ISA_USAGE = YES_ERROR;
				CLANG_WARN_DOCUMENTATION_COMMENTS = YES;
				CLANG_WARN_EMPTY_BODY = YES;
				CLANG_WARN_ENUM_CONVERSION = YES;
				CLANG_WARN_INFINITE_RECURSION = YES;
				CLANG_WARN_INT_CONVERSION = YES;
				CLANG_WARN_NON_LITERAL_NULL_CONVERSION = YES;
				CLANG_WARN_OBJC_IMPLICIT_RETAIN_SELF = YES;
				CLANG_WARN_OBJC_LITERAL_CONVERSION = YES;
				CLANG_WARN_OBJC_ROOT_CLASS = YES_ERROR;
				CLANG_WARN_QUOTED_INCLUDE_IN_FRAMEWORK_HEADER = YES;
				CLANG_WARN_RANGE_LOOP_ANALYSIS = YES;
				CLANG_WARN_STRICT_PROTOTYPES = YES;
				CLANG_WARN_SUSPICIOUS_MOVE = YES;
				CLANG_WARN_UNGUARDED_AVAILABILITY = YES_AGGRESSIVE;
				CLANG_WARN_UNREACHABLE_CODE = YES;
				CLANG_WARN__DUPLICATE_METHOD_MATCH = YES;
				COPY_PHASE_STRIP = NO;
				DEBUG_INFORMATION_FORMAT = "dwarf-with-dsym";
				ENABLE_NS_ASSERTIONS = NO;
				ENABLE_STRICT_OBJC_MSGSEND = YES;
				ENABLE_USER_SCRIPT_SANDBOXING = YES;
				GCC_C_LANGUAGE_STANDARD = gnu17;
				GCC_NO_COMMON_BLOCKS = YES;
				GCC_WARN_64_TO_32_BIT_CONVERSION = YES;
				GCC_WARN_ABOUT_RETURN_TYPE = YES_ERROR;
				GCC_WARN_UNDECLARED_SELECTOR = YES;
				GCC_WARN_UNINITIALIZED_AUTOS = YES_AGGRESSIVE;
				GCC_WARN_UNUSED_FUNCTION = YES;
				GCC_WARN_UNUSED_VARIABLE = YES;
				IPHONEOS_DEPLOYMENT_TARGET = 18.2;
				LOCALIZATION_PREFERS_STRING_CATALOGS = YES;
				MTL_ENABLE_DEBUG_INFO = NO;
				MTL_FAST_MATH = YES;
				SDKROOT = iphoneos;
				SWIFT_COMPILATION_MODE = wholemodule;
				VALIDATE_PRODUCT = YES;
			};
			name = Release;
		};
		5703782B2D7B654400FE26EB /* Debug */ = {
			isa = XCBuildConfiguration;
			buildSettings = {
				ASSETCATALOG_COMPILER_APPICON_NAME = AppIcon;
				ASSETCATALOG_COMPILER_GLOBAL_ACCENT_COLOR_NAME = AccentColor;
				CODE_SIGN_STYLE = Automatic;
				CURRENT_PROJECT_VERSION = 1;
				DEVELOPMENT_ASSET_PATHS = "\"CricketScoreCard/Preview Content\"";
				ENABLE_PREVIEWS = YES;
				GENERATE_INFOPLIST_FILE = YES;
				INFOPLIST_KEY_UIApplicationSceneManifest_Generation = YES;
				INFOPLIST_KEY_UIApplicationSupportsIndirectInputEvents = YES;
				INFOPLIST_KEY_UILaunchScreen_Generation = YES;
				INFOPLIST_KEY_UISupportedInterfaceOrientations_iPad = "UIInterfaceOrientationPortrait UIInterfaceOrientationPortraitUpsideDown UIInterfaceOrientationLandscapeLeft UIInterfaceOrientationLandscapeRight";
				INFOPLIST_KEY_UISupportedInterfaceOrientations_iPhone = "UIInterfaceOrientationPortrait UIInterfaceOrientationLandscapeLeft UIInterfaceOrientationLandscapeRight";
				LD_RUNPATH_SEARCH_PATHS = (
					"$(inherited)",
					"@executable_path/Frameworks",
				);
				MARKETING_VERSION = 1.0;
				PRODUCT_BUNDLE_IDENTIFIER = mad.CricketScoreCard;
				PRODUCT_NAME = "$(TARGET_NAME)";
				SWIFT_EMIT_LOC_STRINGS = YES;
				SWIFT_VERSION = 5.0;
				TARGETED_DEVICE_FAMILY = "1,2";
			};
			name = Debug;
		};
		5703782C2D7B654400FE26EB /* Release */ = {
			isa = XCBuildConfiguration;
			buildSettings = {
				ASSETCATALOG_COMPILER_APPICON_NAME = AppIcon;
				ASSETCATALOG_COMPILER_GLOBAL_ACCENT_COLOR_NAME = AccentColor;
				CODE_SIGN_STYLE = Automatic;
				CURRENT_PROJECT_VERSION = 1;
				DEVELOPMENT_ASSET_PATHS = "\"CricketScoreCard/Preview Content\"";
				ENABLE_PREVIEWS = YES;
				GENERATE_INFOPLIST_FILE = YES;
				INFOPLIST_KEY_UIApplicationSceneManifest_Generation = YES;
				INFOPLIST_KEY_UIApplicationSupportsIndirectInputEvents = YES;
				INFOPLIST_KEY_UILaunchScreen_Generation = YES;
				INFOPLIST_KEY_UISupportedInterfaceOrientations_iPad = "UIInterfaceOrientationPortrait UIInterfaceOrientationPortraitUpsideDown UIInterfaceOrientationLandscapeLeft UIInterfaceOrientationLandscapeRight";
				INFOPLIST_KEY_UISupportedInterfaceOrientations_iPhone = "UIInterfaceOrientationPortrait UIInterfaceOrientationLandscapeLeft UIInterfaceOrientationLandscapeRight";
				LD_RUNPATH_SEARCH_PATHS = (
					"$(inherited)",
					"@executable_path/Frameworks",
				);
				MARKETING_VERSION = 1.0;
				PRODUCT_BUNDLE_IDENTIFIER = mad.CricketScoreCard;
				PRODUCT_NAME = "$(TARGET_NAME)";
				SWIFT_EMIT_LOC_STRINGS = YES;
				SWIFT_VERSION = 5.0;
				TARGETED_DEVICE_FAMILY = "1,2";
			};
			name = Release;
		};
		5703782E2D7B654400FE26EB /* Debug */ = {
			isa = XCBuildConfiguration;
			buildSettings = {
				BUNDLE_LOADER = "$(TEST_HOST)";
				CODE_SIGN_STYLE = Automatic;
				CURRENT_PROJECT_VERSION = 1;
				GENERATE_INFOPLIST_FILE = YES;
				IPHONEOS_DEPLOYMENT_TARGET = 18.2;
				MARKETING_VERSION = 1.0;
				PRODUCT_BUNDLE_IDENTIFIER = mad.CricketScoreCardTests;
				PRODUCT_NAME = "$(TARGET_NAME)";
				SWIFT_EMIT_LOC_STRINGS = NO;
				SWIFT_VERSION = 5.0;
				TARGETED_DEVICE_FAMILY = "1,2";
				TEST_HOST = "$(BUILT_PRODUCTS_DIR)/CricketScoreCard.app/$(BUNDLE_EXECUTABLE_FOLDER_PATH)/CricketScoreCard";
			};
			name = Debug;
		};
		5703782F2D7B654400FE26EB /* Release */ = {
			isa = XCBuildConfiguration;
			buildSettings = {
				BUNDLE_LOADER = "$(TEST_HOST)";
				CODE_SIGN_STYLE = Automatic;
				CURRENT_PROJECT_VERSION = 1;
				GENERATE_INFOPLIST_FILE = YES;
				IPHONEOS_DEPLOYMENT_TARGET = 18.2;
				MARKETING_VERSION = 1.0;
				PRODUCT_BUNDLE_IDENTIFIER = mad.CricketScoreCardTests;
				PRODUCT_NAME = "$(TARGET_NAME)";
				SWIFT_EMIT_LOC_STRINGS = NO;
				SWIFT_VERSION = 5.0;
				TARGETED_DEVICE_FAMILY = "1,2";
				TEST_HOST = "$(BUILT_PRODUCTS_DIR)/CricketScoreCard.app/$(BUNDLE_EXECUTABLE_FOLDER_PATH)/CricketScoreCard";
			};
			name = Release;
		};
		570378312D7B654400FE26EB /* Debug */ = {
			isa = XCBuildConfiguration;
			buildSettings = {
				CODE_SIGN_STYLE = Automatic;
				CURRENT_PROJECT_VERSION = 1;
				GENERATE_INFOPLIST_FILE = YES;
				MARKETING_VERSION = 1.0;
				PRODUCT_BUNDLE_IDENTIFIER = mad.CricketScoreCardUITests;
				PRODUCT_NAME = "$(TARGET_NAME)";
				SWIFT_EMIT_LOC_STRINGS = NO;
				SWIFT_VERSION = 5.0;
				TARGETED_DEVICE_FAMILY = "1,2";
				TEST_TARGET_NAME = CricketScoreCard;
			};
			name = Debug;
		};
		570378322D7B654400FE26EB /* Release */ = {
			isa = XCBuildConfiguration;
			buildSettings = {
				CODE_SIGN_STYLE = Automatic;
				CURRENT_PROJECT_VERSION = 1;
				GENERATE_INFOPLIST_FILE = YES;
				MARKETING_VERSION = 1.0;
				PRODUCT_BUNDLE_IDENTIFIER = mad.CricketScoreCardUITests;
				PRODUCT_NAME = "$(TARGET_NAME)";
				SWIFT_EMIT_LOC_STRINGS = NO;
				SWIFT_VERSION = 5.0;
				TARGETED_DEVICE_FAMILY = "1,2";
				TEST_TARGET_NAME = CricketScoreCard;
			};
			name = Release;
		};
/* End XCBuildConfiguration section */

/* Begin XCConfigurationList section */
		570378012D7B654100FE26EB /* Build configuration list for PBXProject "CricketScoreCard" */ = {
			isa = XCConfigurationList;
			buildConfigurations = (
				570378282D7B654400FE26EB /* Debug */,
				570378292D7B654400FE26EB /* Release */,
			);
			defaultConfigurationIsVisible = 0;
			defaultConfigurationName = Release;
		};
		5703782A2D7B654400FE26EB /* Build configuration list for PBXNativeTarget "CricketScoreCard" */ = {
			isa = XCConfigurationList;
			buildConfigurations = (
				5703782B2D7B654400FE26EB /* Debug */,
				5703782C2D7B654400FE26EB /* Release */,
			);
			defaultConfigurationIsVisible = 0;
			defaultConfigurationName = Release;
		};
		5703782D2D7B654400FE26EB /* Build configuration list for PBXNativeTarget "CricketScoreCardTests" */ = {
			isa = XCConfigurationList;
			buildConfigurations = (
				5703782E2D7B654400FE26EB /* Debug */,
				5703782F2D7B654400FE26EB /* Release */,
			);
			defaultConfigurationIsVisible = 0;
			defaultConfigurationName = Release;
		};
		570378302D7B654400FE26EB /* Build configuration list for PBXNativeTarget "CricketScoreCardUITests" */ = {
			isa = XCConfigurationList;
			buildConfigurations = (
				570378312D7B654400FE26EB /* Debug */,
				570378322D7B654400FE26EB /* Release */,
			);
			defaultConfigurationIsVisible = 0;
			defaultConfigurationName = Release;
		};
/* End XCConfigurationList section */
	};
	rootObject = 570377FE2D7B654100FE26EB /* Project object */;
}
